// !$*UTF8*$!
{
	archiveVersion = 1;
	classes = {
	};
	objectVersion = 50;
	objects = {

/* Begin PBXBuildFile section */
		306252C12291E93D00B9FD05 /* AppDelegate.swift in Sources */ = {isa = PBXBuildFile; fileRef = 306252C02291E93D00B9FD05 /* AppDelegate.swift */; };
		306252C32291E93D00B9FD05 /* DocumentBrowserViewController.swift in Sources */ = {isa = PBXBuildFile; fileRef = 306252C22291E93D00B9FD05 /* DocumentBrowserViewController.swift */; };
		306252C52291E93D00B9FD05 /* DocumentViewController.swift in Sources */ = {isa = PBXBuildFile; fileRef = 306252C42291E93D00B9FD05 /* DocumentViewController.swift */; };
		306252C72291E93D00B9FD05 /* Document.swift in Sources */ = {isa = PBXBuildFile; fileRef = 306252C62291E93D00B9FD05 /* Document.swift */; };
		306252CA2291E93D00B9FD05 /* Main.storyboard in Resources */ = {isa = PBXBuildFile; fileRef = 306252C82291E93D00B9FD05 /* Main.storyboard */; };
		306252CC2291E93E00B9FD05 /* Assets.xcassets in Resources */ = {isa = PBXBuildFile; fileRef = 306252CB2291E93E00B9FD05 /* Assets.xcassets */; };
		306252CF2291E93E00B9FD05 /* LaunchScreen.storyboard in Resources */ = {isa = PBXBuildFile; fileRef = 306252CD2291E93E00B9FD05 /* LaunchScreen.storyboard */; };
/* End PBXBuildFile section */

/* Begin PBXFileReference section */
		306252BD2291E93D00B9FD05 /* PhotoFlow.app */ = {isa = PBXFileReference; explicitFileType = wrapper.application; includeInIndex = 0; path = PhotoFlow.app; sourceTree = BUILT_PRODUCTS_DIR; };
		306252C02291E93D00B9FD05 /* AppDelegate.swift */ = {isa = PBXFileReference; lastKnownFileType = sourcecode.swift; path = AppDelegate.swift; sourceTree = "<group>"; };
		306252C22291E93D00B9FD05 /* DocumentBrowserViewController.swift */ = {isa = PBXFileReference; lastKnownFileType = sourcecode.swift; path = DocumentBrowserViewController.swift; sourceTree = "<group>"; };
		306252C42291E93D00B9FD05 /* DocumentViewController.swift */ = {isa = PBXFileReference; lastKnownFileType = sourcecode.swift; path = DocumentViewController.swift; sourceTree = "<group>"; };
		306252C62291E93D00B9FD05 /* Document.swift */ = {isa = PBXFileReference; lastKnownFileType = sourcecode.swift; path = Document.swift; sourceTree = "<group>"; };
		306252C92291E93D00B9FD05 /* Base */ = {isa = PBXFileReference; lastKnownFileType = file.storyboard; name = Base; path = Base.lproj/Main.storyboard; sourceTree = "<group>"; };
		306252CB2291E93E00B9FD05 /* Assets.xcassets */ = {isa = PBXFileReference; lastKnownFileType = folder.assetcatalog; path = Assets.xcassets; sourceTree = "<group>"; };
		306252CE2291E93E00B9FD05 /* Base */ = {isa = PBXFileReference; lastKnownFileType = file.storyboard; name = Base; path = Base.lproj/LaunchScreen.storyboard; sourceTree = "<group>"; };
		306252D02291E93E00B9FD05 /* Info.plist */ = {isa = PBXFileReference; lastKnownFileType = text.plist.xml; path = Info.plist; sourceTree = "<group>"; };
/* End PBXFileReference section */

/* Begin PBXFrameworksBuildPhase section */
		306252BA2291E93D00B9FD05 /* Frameworks */ = {
			isa = PBXFrameworksBuildPhase;
			buildActionMask = 2147483647;
			files = (
			);
			runOnlyForDeploymentPostprocessing = 0;
		};
/* End PBXFrameworksBuildPhase section */

/* Begin PBXGroup section */
		306252B42291E93D00B9FD05 = {
			isa = PBXGroup;
			children = (
				306252BF2291E93D00B9FD05 /* PhotoFlow */,
				306252BE2291E93D00B9FD05 /* Products */,
			);
			sourceTree = "<group>";
		};
		306252BE2291E93D00B9FD05 /* Products */ = {
			isa = PBXGroup;
			children = (
				306252BD2291E93D00B9FD05 /* PhotoFlow.app */,
			);
			name = Products;
			sourceTree = "<group>";
		};
		306252BF2291E93D00B9FD05 /* PhotoFlow */ = {
			isa = PBXGroup;
			children = (
				306252C02291E93D00B9FD05 /* AppDelegate.swift */,
				306252C22291E93D00B9FD05 /* DocumentBrowserViewController.swift */,
				306252C42291E93D00B9FD05 /* DocumentViewController.swift */,
				306252C62291E93D00B9FD05 /* Document.swift */,
				306252C82291E93D00B9FD05 /* Main.storyboard */,
				306252CB2291E93E00B9FD05 /* Assets.xcassets */,
				306252CD2291E93E00B9FD05 /* LaunchScreen.storyboard */,
				306252D02291E93E00B9FD05 /* Info.plist */,
			);
			path = PhotoFlow;
			sourceTree = "<group>";
		};
/* End PBXGroup section */

/* Begin PBXNativeTarget section */
		306252BC2291E93D00B9FD05 /* PhotoFlow */ = {
			isa = PBXNativeTarget;
			buildConfigurationList = 306252D32291E93E00B9FD05 /* Build configuration list for PBXNativeTarget "PhotoFlow" */;
			buildPhases = (
				306252B92291E93D00B9FD05 /* Sources */,
				306252BA2291E93D00B9FD05 /* Frameworks */,
				306252BB2291E93D00B9FD05 /* Resources */,
			);
			buildRules = (
			);
			dependencies = (
			);
			name = PhotoFlow;
			productName = PhotoFlow;
			productReference = 306252BD2291E93D00B9FD05 /* PhotoFlow.app */;
			productType = "com.apple.product-type.application";
		};
/* End PBXNativeTarget section */

/* Begin PBXProject section */
		306252B52291E93D00B9FD05 /* Project object */ = {
			isa = PBXProject;
			attributes = {
				LastSwiftUpdateCheck = 1020;
				LastUpgradeCheck = 1020;
				ORGANIZATIONNAME = "Til Blechschmidt";
				TargetAttributes = {
					306252BC2291E93D00B9FD05 = {
						CreatedOnToolsVersion = 10.2.1;
					};
				};
			};
			buildConfigurationList = 306252B82291E93D00B9FD05 /* Build configuration list for PBXProject "PhotoFlow" */;
			compatibilityVersion = "Xcode 9.3";
			developmentRegion = en;
			hasScannedForEncodings = 0;
			knownRegions = (
				en,
				Base,
			);
			mainGroup = 306252B42291E93D00B9FD05;
			productRefGroup = 306252BE2291E93D00B9FD05 /* Products */;
			projectDirPath = "";
			projectRoot = "";
			targets = (
				306252BC2291E93D00B9FD05 /* PhotoFlow */,
			);
		};
/* End PBXProject section */

/* Begin PBXResourcesBuildPhase section */
		306252BB2291E93D00B9FD05 /* Resources */ = {
			isa = PBXResourcesBuildPhase;
			buildActionMask = 2147483647;
			files = (
				306252CF2291E93E00B9FD05 /* LaunchScreen.storyboard in Resources */,
				306252CC2291E93E00B9FD05 /* Assets.xcassets in Resources */,
				306252CA2291E93D00B9FD05 /* Main.storyboard in Resources */,
			);
			runOnlyForDeploymentPostprocessing = 0;
		};
/* End PBXResourcesBuildPhase section */

/* Begin PBXSourcesBuildPhase section */
		306252B92291E93D00B9FD05 /* Sources */ = {
			isa = PBXSourcesBuildPhase;
			buildActionMask = 2147483647;
			files = (
				306252C72291E93D00B9FD05 /* Document.swift in Sources */,
				306252C52291E93D00B9FD05 /* DocumentViewController.swift in Sources */,
				306252C32291E93D00B9FD05 /* DocumentBrowserViewController.swift in Sources */,
				306252C12291E93D00B9FD05 /* AppDelegate.swift in Sources */,
			);
			runOnlyForDeploymentPostprocessing = 0;
		};
/* End PBXSourcesBuildPhase section */

/* Begin PBXVariantGroup section */
		306252C82291E93D00B9FD05 /* Main.storyboard */ = {
			isa = PBXVariantGroup;
			children = (
				306252C92291E93D00B9FD05 /* Base */,
			);
			name = Main.storyboard;
			sourceTree = "<group>";
		};
		306252CD2291E93E00B9FD05 /* LaunchScreen.storyboard */ = {
			isa = PBXVariantGroup;
			children = (
				306252CE2291E93E00B9FD05 /* Base */,
			);
			name = LaunchScreen.storyboard;
			sourceTree = "<group>";
		};
/* End PBXVariantGroup section */

/* Begin XCBuildConfiguration section */
		306252D12291E93E00B9FD05 /* Debug */ = {
			isa = XCBuildConfiguration;
			buildSettings = {
				ALWAYS_SEARCH_USER_PATHS = NO;
				CLANG_ANALYZER_NONNULL = YES;
				CLANG_ANALYZER_NUMBER_OBJECT_CONVERSION = YES_AGGRESSIVE;
				CLANG_CXX_LANGUAGE_STANDARD = "gnu++14";
				CLANG_CXX_LIBRARY = "libc++";
				CLANG_ENABLE_MODULES = YES;
				CLANG_ENABLE_OBJC_ARC = YES;
				CLANG_ENABLE_OBJC_WEAK = YES;
				CLANG_WARN_BLOCK_CAPTURE_AUTORELEASING = YES;
				CLANG_WARN_BOOL_CONVERSION = YES;
				CLANG_WARN_COMMA = YES;
				CLANG_WARN_CONSTANT_CONVERSION = YES;
				CLANG_WARN_DEPRECATED_OBJC_IMPLEMENTATIONS = YES;
				CLANG_WARN_DIRECT_OBJC_ISA_USAGE = YES_ERROR;
				CLANG_WARN_DOCUMENTATION_COMMENTS = YES;
				CLANG_WARN_EMPTY_BODY = YES;
				CLANG_WARN_ENUM_CONVERSION = YES;
				CLANG_WARN_INFINITE_RECURSION = YES;
				CLANG_WARN_INT_CONVERSION = YES;
				CLANG_WARN_NON_LITERAL_NULL_CONVERSION = YES;
				CLANG_WARN_OBJC_IMPLICIT_RETAIN_SELF = YES;
				CLANG_WARN_OBJC_LITERAL_CONVERSION = YES;
				CLANG_WARN_OBJC_ROOT_CLASS = YES_ERROR;
				CLANG_WARN_RANGE_LOOP_ANALYSIS = YES;
				CLANG_WARN_STRICT_PROTOTYPES = YES;
				CLANG_WARN_SUSPICIOUS_MOVE = YES;
				CLANG_WARN_UNGUARDED_AVAILABILITY = YES_AGGRESSIVE;
				CLANG_WARN_UNREACHABLE_CODE = YES;
				CLANG_WARN__DUPLICATE_METHOD_MATCH = YES;
				CODE_SIGN_IDENTITY = "iPhone Developer";
				COPY_PHASE_STRIP = NO;
				DEBUG_INFORMATION_FORMAT = dwarf;
				ENABLE_STRICT_OBJC_MSGSEND = YES;
				ENABLE_TESTABILITY = YES;
				GCC_C_LANGUAGE_STANDARD = gnu11;
				GCC_DYNAMIC_NO_PIC = NO;
				GCC_NO_COMMON_BLOCKS = YES;
				GCC_OPTIMIZATION_LEVEL = 0;
				GCC_PREPROCESSOR_DEFINITIONS = (
					"DEBUG=1",
					"$(inherited)",
				);
				GCC_WARN_64_TO_32_BIT_CONVERSION = YES;
				GCC_WARN_ABOUT_RETURN_TYPE = YES_ERROR;
				GCC_WARN_UNDECLARED_SELECTOR = YES;
				GCC_WARN_UNINITIALIZED_AUTOS = YES_AGGRESSIVE;
				GCC_WARN_UNUSED_FUNCTION = YES;
				GCC_WARN_UNUSED_VARIABLE = YES;
				IPHONEOS_DEPLOYMENT_TARGET = 12.2;
				MTL_ENABLE_DEBUG_INFO = INCLUDE_SOURCE;
				MTL_FAST_MATH = YES;
				ONLY_ACTIVE_ARCH = YES;
				SDKROOT = iphoneos;
				SWIFT_ACTIVE_COMPILATION_CONDITIONS = DEBUG;
				SWIFT_OPTIMIZATION_LEVEL = "-Onone";
			};
			name = Debug;
		};
		306252D22291E93E00B9FD05 /* Release */ = {
			isa = XCBuildConfiguration;
			buildSettings = {
				ALWAYS_SEARCH_USER_PATHS = NO;
				CLANG_ANALYZER_NONNULL = YES;
				CLANG_ANALYZER_NUMBER_OBJECT_CONVERSION = YES_AGGRESSIVE;
				CLANG_CXX_LANGUAGE_STANDARD = "gnu++14";
				CLANG_CXX_LIBRARY = "libc++";
				CLANG_ENABLE_MODULES = YES;
				CLANG_ENABLE_OBJC_ARC = YES;
				CLANG_ENABLE_OBJC_WEAK = YES;
				CLANG_WARN_BLOCK_CAPTURE_AUTORELEASING = YES;
				CLANG_WARN_BOOL_CONVERSION = YES;
				CLANG_WARN_COMMA = YES;
				CLANG_WARN_CONSTANT_CONVERSION = YES;
				CLANG_WARN_DEPRECATED_OBJC_IMPLEMENTATIONS = YES;
				CLANG_WARN_DIRECT_OBJC_ISA_USAGE = YES_ERROR;
				CLANG_WARN_DOCUMENTATION_COMMENTS = YES;
				CLANG_WARN_EMPTY_BODY = YES;
				CLANG_WARN_ENUM_CONVERSION = YES;
				CLANG_WARN_INFINITE_RECURSION = YES;
				CLANG_WARN_INT_CONVERSION = YES;
				CLANG_WARN_NON_LITERAL_NULL_CONVERSION = YES;
				CLANG_WARN_OBJC_IMPLICIT_RETAIN_SELF = YES;
				CLANG_WARN_OBJC_LITERAL_CONVERSION = YES;
				CLANG_WARN_OBJC_ROOT_CLASS = YES_ERROR;
				CLANG_WARN_RANGE_LOOP_ANALYSIS = YES;
				CLANG_WARN_STRICT_PROTOTYPES = YES;
				CLANG_WARN_SUSPICIOUS_MOVE = YES;
				CLANG_WARN_UNGUARDED_AVAILABILITY = YES_AGGRESSIVE;
				CLANG_WARN_UNREACHABLE_CODE = YES;
				CLANG_WARN__DUPLICATE_METHOD_MATCH = YES;
				CODE_SIGN_IDENTITY = "iPhone Developer";
				COPY_PHASE_STRIP = NO;
				DEBUG_INFORMATION_FORMAT = "dwarf-with-dsym";
				ENABLE_NS_ASSERTIONS = NO;
				ENABLE_STRICT_OBJC_MSGSEND = YES;
				GCC_C_LANGUAGE_STANDARD = gnu11;
				GCC_NO_COMMON_BLOCKS = YES;
				GCC_WARN_64_TO_32_BIT_CONVERSION = YES;
				GCC_WARN_ABOUT_RETURN_TYPE = YES_ERROR;
				GCC_WARN_UNDECLARED_SELECTOR = YES;
				GCC_WARN_UNINITIALIZED_AUTOS = YES_AGGRESSIVE;
				GCC_WARN_UNUSED_FUNCTION = YES;
				GCC_WARN_UNUSED_VARIABLE = YES;
				IPHONEOS_DEPLOYMENT_TARGET = 12.2;
				MTL_ENABLE_DEBUG_INFO = NO;
				MTL_FAST_MATH = YES;
				SDKROOT = iphoneos;
				SWIFT_COMPILATION_MODE = wholemodule;
				SWIFT_OPTIMIZATION_LEVEL = "-O";
				VALIDATE_PRODUCT = YES;
			};
			name = Release;
		};
		306252D42291E93E00B9FD05 /* Debug */ = {
			isa = XCBuildConfiguration;
			buildSettings = {
				ASSETCATALOG_COMPILER_APPICON_NAME = AppIcon;
				CODE_SIGN_STYLE = Automatic;
				DEVELOPMENT_TEAM = LQWS3ZT7UK;
				INFOPLIST_FILE = PhotoFlow/Info.plist;
				LD_RUNPATH_SEARCH_PATHS = (
					"$(inherited)",
					"@executable_path/Frameworks",
				);
				PRODUCT_BUNDLE_IDENTIFIER = de.blechschmidt.PhotoFlow;
				PRODUCT_NAME = "$(TARGET_NAME)";
				SWIFT_VERSION = 5.0;
				TARGETED_DEVICE_FAMILY = "1,2";
			};
			name = Debug;
		};
		306252D52291E93E00B9FD05 /* Release */ = {
			isa = XCBuildConfiguration;
			buildSettings = {
				ASSETCATALOG_COMPILER_APPICON_NAME = AppIcon;
				CODE_SIGN_STYLE = Automatic;
				DEVELOPMENT_TEAM = LQWS3ZT7UK;
				INFOPLIST_FILE = PhotoFlow/Info.plist;
				LD_RUNPATH_SEARCH_PATHS = (
					"$(inherited)",
					"@executable_path/Frameworks",
				);
				PRODUCT_BUNDLE_IDENTIFIER = de.blechschmidt.PhotoFlow;
				PRODUCT_NAME = "$(TARGET_NAME)";
				SWIFT_VERSION = 5.0;
				TARGETED_DEVICE_FAMILY = "1,2";
			};
			name = Release;
		};
/* End XCBuildConfiguration section */

/* Begin XCConfigurationList section */
		306252B82291E93D00B9FD05 /* Build configuration list for PBXProject "PhotoFlow" */ = {
			isa = XCConfigurationList;
			buildConfigurations = (
				306252D12291E93E00B9FD05 /* Debug */,
				306252D22291E93E00B9FD05 /* Release */,
			);
			defaultConfigurationIsVisible = 0;
			defaultConfigurationName = Release;
		};
		306252D32291E93E00B9FD05 /* Build configuration list for PBXNativeTarget "PhotoFlow" */ = {
			isa = XCConfigurationList;
			buildConfigurations = (
				306252D42291E93E00B9FD05 /* Debug */,
				306252D52291E93E00B9FD05 /* Release */,
			);
			defaultConfigurationIsVisible = 0;
			defaultConfigurationName = Release;
		};
/* End XCConfigurationList section */
	};
	rootObject = 306252B52291E93D00B9FD05 /* Project object */;
}
